{
  "version": 4,
  "terraform_version": "1.9.2",
  "serial": 103,
  "lineage": "89c71719-5109-30e2-fe7d-2fd1387de8fe",
  "outputs": {
    "vm_info": {
      "value": {
        "vm1": {
          "local_ip": "10.10.10.16",
          "public_ip": "93.77.185.69"
        },
        "vm2": {
          "local_ip": "10.10.10.29",
          "public_ip": "62.84.118.18"
        },
        "vm3": {
          "local_ip": "10.10.10.32",
          "public_ip": "62.84.127.132"
        }
      },
      "type": [
        "object",
        {
          "vm1": [
            "object",
            {
              "local_ip": "string",
              "public_ip": "string"
            }
          ],
          "vm2": [
            "object",
            {
              "local_ip": "string",
              "public_ip": "string"
            }
          ],
          "vm3": [
            "object",
            {
              "local_ip": "string",
              "public_ip": "string"
            }
          ]
        }
      ]
    }
  },
  "resources": [
    {
      "mode": "managed",
      "type": "local_file",
      "name": "ansible_inventory",
      "provider": "provider[\"registry.terraform.io/hashicorp/local\"]",
      "instances": [
        {
          "schema_version": 0,
          "attributes": {
            "content": "\nyandex_prac_vm:\n  children:\n    prac:\n      hosts: \n              vm1: \n          ansible_host: 93.77.185.69\n              vm2: \n          ansible_host: 62.84.118.18\n              vm3: \n          ansible_host: 62.84.127.132\n        vars: \n    ansible_user: ubuntu\n    ansible_ssh_private_key_file: ~/.ssh/selectel_key \n    connection_protocol: ssh \n    \n    # ansible_become: true #Становиться ли другим пользователем после подключения\n    # ansible_become_user: root #На какого пользователя переключиться после подключения\n    # ansible_become_method: su #Метод перехода под другого пользователя\n",
            "content_base64": null,
            "content_base64sha256": "Gn9qpiRwaHwUapt8YHB4pGw3eh6u5bMIphrAhFJsnhE=",
            "content_base64sha512": "gkHaMdzLa7BneTh+wJ7Rax2TApqAF8VdWM6YmVVoeDN4h8rXV3siMihF4Uy08pidUmIMBU77wBPTOEe88Ro0Bg==",
            "content_md5": "3ee24dbe0fab289586a7c81a497a749e",
            "content_sha1": "41e9a5bd75a322f8c71208a75a1d098b420bee84",
            "content_sha256": "1a7f6aa62470687c146a9b7c607078a46c377a1eaee5b308a61ac084526c9e11",
            "content_sha512": "8241da31dccb6bb06779387ec09ed16b1d93029a8017c55d58ce9899556878337887cad7577b22322845e14cb4f2989d52620c054efbc013d33847bcf11a3406",
            "directory_permission": "0777",
            "file_permission": "0777",
            "filename": "./../ansible/inventory/hosts.yaml",
            "id": "41e9a5bd75a322f8c71208a75a1d098b420bee84",
            "sensitive_content": null,
            "source": null
          },
          "sensitive_attributes": [
            [
              {
                "type": "get_attr",
                "value": "sensitive_content"
              }
            ]
          ],
          "dependencies": [
            "yandex_compute_disk.my_disk",
            "yandex_compute_instance.ubuntu",
            "yandex_vpc_network.net1",
            "yandex_vpc_security_group.sg1",
            "yandex_vpc_subnet.sub1"
          ]
        }
      ]
    },
    {
      "mode": "managed",
      "type": "yandex_compute_disk",
      "name": "my_disk",
      "provider": "provider[\"registry.terraform.io/yandex-cloud/yandex\"]",
      "instances": [
        {
          "index_key": "vm1",
          "schema_version": 0,
          "attributes": {
            "allow_recreate": null,
            "block_size": 4096,
            "created_at": "2026-04-10T02:10:38Z",
            "description": "",
            "disk_placement_policy": [
              {
                "disk_placement_group_id": ""
              }
            ],
            "folder_id": "b1gvr518k0ot28a8rf88",
            "hardware_generation": [
              {
                "generation2_features": [],
                "legacy_features": [
                  {
                    "pci_topology": "PCI_TOPOLOGY_V2"
                  }
                ]
              }
            ],
            "id": "fhmlmn5hofl6c476ssfa",
            "image_id": "fd8r71tg4mg5b3uiholm",
            "kms_key_id": null,
            "labels": {},
            "name": "vm1-disk",
            "product_ids": [
              "f2evvqut2ac8ang2mdb5"
            ],
            "size": 10,
            "snapshot_id": "",
            "status": "ready",
            "timeouts": null,
            "type": "network-ssd",
            "zone": "ru-central1-a"
          },
          "sensitive_attributes": [],
          "private": "eyJlMmJmYjczMC1lY2FhLTExZTYtOGY4OC0zNDM2M2JjN2M0YzAiOnsiY3JlYXRlIjozMDAwMDAwMDAwMDAsImRlbGV0ZSI6MzAwMDAwMDAwMDAwLCJ1cGRhdGUiOjMwMDAwMDAwMDAwMH19"
        },
        {
          "index_key": "vm2",
          "schema_version": 0,
          "attributes": {
            "allow_recreate": null,
            "block_size": 4096,
            "created_at": "2026-04-10T02:10:38Z",
            "description": "",
            "disk_placement_policy": [
              {
                "disk_placement_group_id": ""
              }
            ],
            "folder_id": "b1gvr518k0ot28a8rf88",
            "hardware_generation": [
              {
                "generation2_features": [],
                "legacy_features": [
                  {
                    "pci_topology": "PCI_TOPOLOGY_V2"
                  }
                ]
              }
            ],
            "id": "fhm61817caca3b9elgfq",
            "image_id": "fd8r71tg4mg5b3uiholm",
            "kms_key_id": null,
            "labels": {},
            "name": "vm2-disk",
            "product_ids": [
              "f2evvqut2ac8ang2mdb5"
            ],
            "size": 10,
            "snapshot_id": "",
            "status": "ready",
            "timeouts": null,
            "type": "network-ssd",
            "zone": "ru-central1-a"
          },
          "sensitive_attributes": [],
          "private": "eyJlMmJmYjczMC1lY2FhLTExZTYtOGY4OC0zNDM2M2JjN2M0YzAiOnsiY3JlYXRlIjozMDAwMDAwMDAwMDAsImRlbGV0ZSI6MzAwMDAwMDAwMDAwLCJ1cGRhdGUiOjMwMDAwMDAwMDAwMH19"
        },
        {
          "index_key": "vm3",
          "schema_version": 0,
          "attributes": {
            "allow_recreate": null,
            "block_size": 4096,
            "created_at": "2026-04-10T02:10:38Z",
            "description": "",
            "disk_placement_policy": [
              {
                "disk_placement_group_id": ""
              }
            ],
            "folder_id": "b1gvr518k0ot28a8rf88",
            "hardware_generation": [
              {
                "generation2_features": [],
                "legacy_features": [
                  {
                    "pci_topology": "PCI_TOPOLOGY_V2"
                  }
                ]
              }
            ],
            "id": "fhmvmgjiberqdna3k8f7",
            "image_id": "fd8r71tg4mg5b3uiholm",
            "kms_key_id": null,
            "labels": {},
            "name": "vm3-disk",
            "product_ids": [
              "f2evvqut2ac8ang2mdb5"
            ],
            "size": 10,
            "snapshot_id": "",
            "status": "ready",
            "timeouts": null,
            "type": "network-ssd",
            "zone": "ru-central1-a"
          },
          "sensitive_attributes": [],
          "private": "eyJlMmJmYjczMC1lY2FhLTExZTYtOGY4OC0zNDM2M2JjN2M0YzAiOnsiY3JlYXRlIjozMDAwMDAwMDAwMDAsImRlbGV0ZSI6MzAwMDAwMDAwMDAwLCJ1cGRhdGUiOjMwMDAwMDAwMDAwMH19"
        }
      ]
    },
    {
      "mode": "managed",
      "type": "yandex_compute_instance",
      "name": "ubuntu",
      "provider": "provider[\"registry.terraform.io/yandex-cloud/yandex\"]",
      "instances": [
        {
          "index_key": "vm1",
          "schema_version": 1,
          "attributes": {
            "allow_recreate": null,
            "allow_stopping_for_update": null,
            "boot_disk": [
              {
                "auto_delete": true,
                "device_name": "fhmlmn5hofl6c476ssfa",
                "disk_id": "fhmlmn5hofl6c476ssfa",
                "initialize_params": [
                  {
                    "block_size": 4096,
                    "description": "",
                    "image_id": "fd8r71tg4mg5b3uiholm",
                    "kms_key_id": "",
                    "name": "vm1-disk",
                    "size": 10,
                    "snapshot_id": "",
                    "type": "network-ssd"
                  }
                ],
                "mode": "READ_WRITE"
              }
            ],
            "created_at": "2026-04-10T02:10:49Z",
            "description": "",
            "filesystem": [],
            "folder_id": "b1gvr518k0ot28a8rf88",
            "fqdn": "fhmo1u05bque6jtfecua.auto.internal",
            "gpu_cluster_id": "",
            "hardware_generation": [
              {
                "generation2_features": [],
                "legacy_features": [
                  {
                    "pci_topology": "PCI_TOPOLOGY_V2"
                  }
                ]
              }
            ],
            "hostname": "",
            "id": "fhmo1u05bque6jtfecua",
            "labels": {},
            "local_disk": [],
            "maintenance_grace_period": "",
            "maintenance_policy": null,
            "metadata": {
              "ssh-keys": "ubuntu:ssh-ed25519 AAAAC3NzaC1lZDI1NTE5AAAAINBpE221ds8Zh1FaaoXJwwG4EHjqHklkt0AQ2sgcPJT6 admin@arch\n"
            },
            "metadata_options": [
              {
                "aws_v1_http_endpoint": 1,
                "aws_v1_http_token": 2,
                "gce_http_endpoint": 1,
                "gce_http_token": 1
              }
            ],
            "name": "vm-1",
            "network_acceleration_type": "standard",
            "network_interface": [
              {
                "dns_record": [],
                "index": 0,
                "ip_address": "10.10.10.16",
                "ipv4": true,
                "ipv6": false,
                "ipv6_address": "",
                "ipv6_dns_record": [],
                "mac_address": "d0:0d:18:0f:80:55",
                "nat": true,
                "nat_dns_record": [],
                "nat_ip_address": "93.77.185.69",
                "nat_ip_version": "IPV4",
                "security_group_ids": [
                  "enp7iccj3g214g761pvq"
                ],
                "subnet_id": "e9bl6rs1hrrud8afg7qt"
              }
            ],
            "placement_policy": [
              {
                "host_affinity_rules": [],
                "placement_group_id": "",
                "placement_group_partition": 0
              }
            ],
            "platform_id": "standard-v1",
            "resources": [
              {
                "core_fraction": 100,
                "cores": 2,
                "gpus": 0,
                "memory": 2
              }
            ],
            "scheduling_policy": [
              {
                "preemptible": false
              }
            ],
            "secondary_disk": [],
            "service_account_id": "",
            "status": "running",
            "timeouts": null,
            "zone": "ru-central1-a"
          },
          "sensitive_attributes": [],
          "private": "eyJlMmJmYjczMC1lY2FhLTExZTYtOGY4OC0zNDM2M2JjN2M0YzAiOnsiY3JlYXRlIjozMDAwMDAwMDAwMDAsImRlbGV0ZSI6MzAwMDAwMDAwMDAwLCJ1cGRhdGUiOjMwMDAwMDAwMDAwMH0sInNjaGVtYV92ZXJzaW9uIjoiMSJ9",
          "dependencies": [
            "yandex_compute_disk.my_disk",
            "yandex_vpc_network.net1",
            "yandex_vpc_security_group.sg1",
            "yandex_vpc_subnet.sub1"
          ]
        },
        {
          "index_key": "vm2",
          "schema_version": 1,
          "attributes": {
            "allow_recreate": null,
            "allow_stopping_for_update": null,
            "boot_disk": [
              {
                "auto_delete": true,
                "device_name": "fhm61817caca3b9elgfq",
                "disk_id": "fhm61817caca3b9elgfq",
                "initialize_params": [
                  {
                    "block_size": 4096,
                    "description": "",
                    "image_id": "fd8r71tg4mg5b3uiholm",
                    "kms_key_id": "",
                    "name": "vm2-disk",
                    "size": 10,
                    "snapshot_id": "",
                    "type": "network-ssd"
                  }
                ],
                "mode": "READ_WRITE"
              }
            ],
            "created_at": "2026-04-10T02:10:49Z",
            "description": "",
            "filesystem": [],
            "folder_id": "b1gvr518k0ot28a8rf88",
            "fqdn": "fhmkg5cfg4n55rr09a8i.auto.internal",
            "gpu_cluster_id": "",
            "hardware_generation": [
              {
                "generation2_features": [],
                "legacy_features": [
                  {
                    "pci_topology": "PCI_TOPOLOGY_V2"
                  }
                ]
              }
            ],
            "hostname": "",
            "id": "fhmkg5cfg4n55rr09a8i",
            "labels": {},
            "local_disk": [],
            "maintenance_grace_period": "",
            "maintenance_policy": null,
            "metadata": {
              "ssh-keys": "ubuntu:ssh-ed25519 AAAAC3NzaC1lZDI1NTE5AAAAINBpE221ds8Zh1FaaoXJwwG4EHjqHklkt0AQ2sgcPJT6 admin@arch\n"
            },
            "metadata_options": [
              {
                "aws_v1_http_endpoint": 1,
                "aws_v1_http_token": 2,
                "gce_http_endpoint": 1,
                "gce_http_token": 1
              }
            ],
            "name": "vm-2",
            "network_acceleration_type": "standard",
            "network_interface": [
              {
                "dns_record": [],
                "index": 0,
                "ip_address": "10.10.10.29",
                "ipv4": true,
                "ipv6": false,
                "ipv6_address": "",
                "ipv6_dns_record": [],
                "mac_address": "d0:0d:14:81:58:f8",
                "nat": true,
                "nat_dns_record": [],
                "nat_ip_address": "62.84.118.18",
                "nat_ip_version": "IPV4",
                "security_group_ids": [
                  "enp7iccj3g214g761pvq"
                ],
                "subnet_id": "e9bl6rs1hrrud8afg7qt"
              }
            ],
            "placement_policy": [
              {
                "host_affinity_rules": [],
                "placement_group_id": "",
                "placement_group_partition": 0
              }
            ],
            "platform_id": "standard-v1",
            "resources": [
              {
                "core_fraction": 100,
                "cores": 2,
                "gpus": 0,
                "memory": 2
              }
            ],
            "scheduling_policy": [
              {
                "preemptible": false
              }
            ],
            "secondary_disk": [],
            "service_account_id": "",
            "status": "running",
            "timeouts": null,
            "zone": "ru-central1-a"
          },
          "sensitive_attributes": [],
          "private": "eyJlMmJmYjczMC1lY2FhLTExZTYtOGY4OC0zNDM2M2JjN2M0YzAiOnsiY3JlYXRlIjozMDAwMDAwMDAwMDAsImRlbGV0ZSI6MzAwMDAwMDAwMDAwLCJ1cGRhdGUiOjMwMDAwMDAwMDAwMH0sInNjaGVtYV92ZXJzaW9uIjoiMSJ9",
          "dependencies": [
            "yandex_compute_disk.my_disk",
            "yandex_vpc_network.net1",
            "yandex_vpc_security_group.sg1",
            "yandex_vpc_subnet.sub1"
          ]
        },
        {
          "index_key": "vm3",
          "schema_version": 1,
          "attributes": {
            "allow_recreate": null,
            "allow_stopping_for_update": null,
            "boot_disk": [
              {
                "auto_delete": true,
                "device_name": "fhmvmgjiberqdna3k8f7",
                "disk_id": "fhmvmgjiberqdna3k8f7",
                "initialize_params": [
                  {
                    "block_size": 4096,
                    "description": "",
                    "image_id": "fd8r71tg4mg5b3uiholm",
                    "kms_key_id": "",
                    "name": "vm3-disk",
                    "size": 10,
                    "snapshot_id": "",
                    "type": "network-ssd"
                  }
                ],
                "mode": "READ_WRITE"
              }
            ],
            "created_at": "2026-04-10T02:10:49Z",
            "description": "",
            "filesystem": [],
            "folder_id": "b1gvr518k0ot28a8rf88",
            "fqdn": "fhm4qoh5cd1fd0nphnrq.auto.internal",
            "gpu_cluster_id": "",
            "hardware_generation": [
              {
                "generation2_features": [],
                "legacy_features": [
                  {
                    "pci_topology": "PCI_TOPOLOGY_V2"
                  }
                ]
              }
            ],
            "hostname": "",
            "id": "fhm4qoh5cd1fd0nphnrq",
            "labels": {},
            "local_disk": [],
            "maintenance_grace_period": "",
            "maintenance_policy": null,
            "metadata": {
              "ssh-keys": "ubuntu:ssh-ed25519 AAAAC3NzaC1lZDI1NTE5AAAAINBpE221ds8Zh1FaaoXJwwG4EHjqHklkt0AQ2sgcPJT6 admin@arch\n"
            },
            "metadata_options": [
              {
                "aws_v1_http_endpoint": 1,
                "aws_v1_http_token": 2,
                "gce_http_endpoint": 1,
                "gce_http_token": 1
              }
            ],
            "name": "vm-3",
            "network_acceleration_type": "standard",
            "network_interface": [
              {
                "dns_record": [],
                "index": 0,
                "ip_address": "10.10.10.32",
                "ipv4": true,
                "ipv6": false,
                "ipv6_address": "",
                "ipv6_dns_record": [],
                "mac_address": "d0:0d:4d:62:25:63",
                "nat": true,
                "nat_dns_record": [],
                "nat_ip_address": "62.84.127.132",
                "nat_ip_version": "IPV4",
                "security_group_ids": [
                  "enp7iccj3g214g761pvq"
                ],
                "subnet_id": "e9bl6rs1hrrud8afg7qt"
              }
            ],
            "placement_policy": [
              {
                "host_affinity_rules": [],
                "placement_group_id": "",
                "placement_group_partition": 0
              }
            ],
            "platform_id": "standard-v1",
            "resources": [
              {
                "core_fraction": 100,
                "cores": 2,
                "gpus": 0,
                "memory": 2
              }
            ],
            "scheduling_policy": [
              {
                "preemptible": false
              }
            ],
            "secondary_disk": [],
            "service_account_id": "",
            "status": "running",
            "timeouts": null,
            "zone": "ru-central1-a"
          },
          "sensitive_attributes": [],
          "private": "eyJlMmJmYjczMC1lY2FhLTExZTYtOGY4OC0zNDM2M2JjN2M0YzAiOnsiY3JlYXRlIjozMDAwMDAwMDAwMDAsImRlbGV0ZSI6MzAwMDAwMDAwMDAwLCJ1cGRhdGUiOjMwMDAwMDAwMDAwMH0sInNjaGVtYV92ZXJzaW9uIjoiMSJ9",
          "dependencies": [
            "yandex_compute_disk.my_disk",
            "yandex_vpc_network.net1",
            "yandex_vpc_security_group.sg1",
            "yandex_vpc_subnet.sub1"
          ]
        }
      ]
    },
    {
      "mode": "managed",
      "type": "yandex_vpc_network",
      "name": "net1",
      "provider": "provider[\"registry.terraform.io/yandex-cloud/yandex\"]",
      "instances": [
        {
          "schema_version": 0,
          "attributes": {
            "created_at": "2026-04-10T02:10:37Z",
            "default_security_group_id": "enpl7tcjhj0e78m3l0oq",
            "description": "",
            "folder_id": "b1gvr518k0ot28a8rf88",
            "id": "enpr8vvldkst0em5ph4s",
            "labels": {},
            "name": "",
            "subnet_ids": [
              "e9bl6rs1hrrud8afg7qt"
            ],
            "timeouts": null
          },
          "sensitive_attributes": [],
          "private": "eyJlMmJmYjczMC1lY2FhLTExZTYtOGY4OC0zNDM2M2JjN2M0YzAiOnsiY3JlYXRlIjo2MDAwMDAwMDAwMCwiZGVsZXRlIjo2MDAwMDAwMDAwMCwidXBkYXRlIjo2MDAwMDAwMDAwMH19"
        }
      ]
    },
    {
      "mode": "managed",
      "type": "yandex_vpc_security_group",
      "name": "sg1",
      "provider": "provider[\"registry.terraform.io/yandex-cloud/yandex\"]",
      "instances": [
        {
          "schema_version": 0,
          "attributes": {
            "created_at": "2026-04-10T02:10:41Z",
            "description": "Default setup",
            "egress": [
              {
                "description": "Permit ANY",
                "from_port": -1,
                "id": "enpg08i797t8j88t6b87",
                "labels": {},
                "port": -1,
                "predefined_target": "",
                "protocol": "ANY",
                "security_group_id": "",
                "to_port": -1,
                "v4_cidr_blocks": [
                  "0.0.0.0/0"
                ],
                "v6_cidr_blocks": []
              }
            ],
            "folder_id": "b1gvr518k0ot28a8rf88",
            "id": "enp7iccj3g214g761pvq",
            "ingress": [
              {
                "description": "Allowed ports",
                "from_port": -1,
                "id": "enp3o6dlccivtenn5c1k",
                "labels": {},
                "port": 22,
                "predefined_target": "",
                "protocol": "TCP",
                "security_group_id": "",
                "to_port": -1,
                "v4_cidr_blocks": [
                  "0.0.0.0/0"
                ],
                "v6_cidr_blocks": []
              },
              {
                "description": "Allowed ports",
                "from_port": -1,
                "id": "enp4gn8r4g5o3uhrt1l6",
                "labels": {},
                "port": 443,
                "predefined_target": "",
                "protocol": "TCP",
                "security_group_id": "",
                "to_port": -1,
                "v4_cidr_blocks": [
                  "0.0.0.0/0"
                ],
                "v6_cidr_blocks": []
              },
              {
                "description": "Allowed ports",
                "from_port": -1,
                "id": "enphf4iei6cf6h0pu9aa",
                "labels": {},
                "port": 80,
                "predefined_target": "",
                "protocol": "TCP",
                "security_group_id": "",
                "to_port": -1,
                "v4_cidr_blocks": [
                  "0.0.0.0/0"
                ],
                "v6_cidr_blocks": []
              }
            ],
            "labels": {
              "my-label": "my-label-value"
            },
            "name": "web-secret-groups",
            "network_id": "enpr8vvldkst0em5ph4s",
            "status": "ACTIVE",
            "timeouts": null
          },
          "sensitive_attributes": [],
          "private": "eyJlMmJmYjczMC1lY2FhLTExZTYtOGY4OC0zNDM2M2JjN2M0YzAiOnsiY3JlYXRlIjoxODAwMDAwMDAwMDAsImRlbGV0ZSI6MTgwMDAwMDAwMDAwLCJ1cGRhdGUiOjE4MDAwMDAwMDAwMH19",
          "dependencies": [
            "yandex_vpc_network.net1"
          ]
        }
      ]
    },
    {
      "mode": "managed",
      "type": "yandex_vpc_subnet",
      "name": "sub1",
      "provider": "provider[\"registry.terraform.io/yandex-cloud/yandex\"]",
      "instances": [
        {
          "schema_version": 0,
          "attributes": {
            "created_at": "2026-04-10T02:10:40Z",
            "description": "",
            "dhcp_options": [],
            "folder_id": "b1gvr518k0ot28a8rf88",
            "id": "e9bl6rs1hrrud8afg7qt",
            "labels": {},
            "name": "",
            "network_id": "enpr8vvldkst0em5ph4s",
            "route_table_id": "",
            "timeouts": null,
            "v4_cidr_blocks": [
              "10.10.10.0/24"
            ],
            "v6_cidr_blocks": [],
            "zone": "ru-central1-a"
          },
          "sensitive_attributes": [],
          "private": "eyJlMmJmYjczMC1lY2FhLTExZTYtOGY4OC0zNDM2M2JjN2M0YzAiOnsiY3JlYXRlIjoxODAwMDAwMDAwMDAsImRlbGV0ZSI6MTgwMDAwMDAwMDAwLCJ1cGRhdGUiOjE4MDAwMDAwMDAwMH19",
          "dependencies": [
            "yandex_vpc_network.net1"
          ]
        }
      ]
    }
  ],
  "check_results": null
}
